{
  "name": "od-scanner-vscode",
  "version": "0.1.0",
  "lockfileVersion": 3,
  "requires": true,
  "packages": {
    "": {
      "name": "od-scanner-vscode",
      "version": "0.1.0",
      "license": "MIT",
      "dependencies": {
        "@xterm/addon-fit": "^0.10.0",
        "@xterm/xterm": "^5.5.0",
        "node-pty": "^1.0.0"
      },
      "devDependencies": {
        "@types/node": "^20.0.0",
        "@types/vscode": "^1.85.0",
        "typescript": "^5.3.0"
      },
      "engines": {
        "vscode": "^1.85.0"
      }
    },
    "node_modules/@types/node": {
      "version": "20.19.43",
      "resolved": "https://registry.npmjs.org/@types/node/-/node-20.19.43.tgz",
      "integrity": "sha512-6oYBAi5ikg4Pl+kGsoYtawUMBT2zZMCvPNF7pVLnHZfd1zf38DRiWn/gT01RYCdUqkv7Fhr+C9ot4/tb+2sVvA==",
      "dev": true,
      "license": "MIT",
      "dependencies": {
        "undici-types": "~6.21.0"
      }
    },
    "node_modules/@types/vscode": {
      "version": "1.125.0",
      "resolved": "https://registry.npmjs.org/@types/vscode/-/vscode-1.125.0.tgz",
      "integrity": "sha512-0icm/ZQAaism87P0ekHqi4/Ju9du+Tm0RUW+y7vqRsxY2cY0FNRX1nAnaW7nT6npPt2tfHiheZ55Zm9UhqonFA==",
      "dev": true,
      "license": "MIT"
    },
    "node_modules/@xterm/addon-fit": {
      "version": "0.10.0",
      "resolved": "https://registry.npmjs.org/@xterm/addon-fit/-/addon-fit-0.10.0.tgz",
      "integrity": "sha512-UFYkDm4HUahf2lnEyHvio51TNGiLK66mqP2JoATy7hRZeXaGMRDr00JiSF7m63vR5WKATF605yEggJKsw0JpMQ==",
      "license": "MIT",
      "peerDependencies": {
        "@xterm/xterm": "^5.0.0"
      }
    },
    "node_modules/@xterm/xterm": {
      "version": "5.5.0",
      "resolved": "https://registry.npmjs.org/@xterm/xterm/-/xterm-5.5.0.tgz",
      "integrity": "sha512-hqJHYaQb5OptNunnyAnkHyM8aCjZ1MEIDTQu1iIbbTD/xops91NB5yq1ZK/dC2JDbVWtF23zUtl9JE2NqwT87A==",
      "license": "MIT"
    },
    "node_modules/nan": {
      "version": "2.27.0",
      "resolved": "https://registry.npmjs.org/nan/-/nan-2.27.0.tgz",
      "integrity": "sha512-hC+0LidcL3XE4rp1C4H54KujgXKzbfyTngZTwBByQxsOxCEKZT0MPQ4hOKUH2jU1OYstqdDH4onyHPDzcV0XdQ==",
      "license": "MIT"
    },
    "node_modules/node-pty": {
      "version": "1.0.0",
      "resolved": "https://registry.npmjs.org/node-pty/-/node-pty-1.0.0.tgz",
      "integrity": "sha512-wtBMWWS7dFZm/VgqElrTvtfMq4GzJ6+edFI0Y0zyzygUSZMgZdraDUMUhCIvkjhJjme15qWmbyJbtAx4ot4uZA==",
      "hasInstallScript": true,
      "license": "MIT",
      "dependencies": {
        "nan": "^2.17.0"
      }
    },
    "node_modules/typescript": {
      "version": "5.9.3",
      "resolved": "https://registry.npmjs.org/typescript/-/typescript-5.9.3.tgz",
      "integrity": "sha512-jl1vZzPDinLr9eUt3J/t7V6FgNEw9QjvBPdysz9KfQDD41fQrC2Y4vKQdiaUpFT4bXlb1RHhLpp8wtm6M5TgSw==",
      "dev": true,
      "license": "Apache-2.0",
      "bin": {
        "tsc": "bin/tsc",
        "tsserver": "bin/tsserver"
      },
      "engines": {
        "node": ">=14.17"
      }
    },
    "node_modules/undici-types": {
      "version": "6.21.0",
      "resolved": "https://registry.npmjs.org/undici-types/-/undici-types-6.21.0.tgz",
      "integrity": "sha512-iwDZqg0QAGrg9Rav5H4n0M64c3mkR59cJ6wQp+7C4nI0gsmExaedaYLNO44eT4AtBBwjbTiGPMlt2Md0T9H9JQ==",
      "dev": true,
      "license": "MIT"
    }
  }
}
